
Microsoft Visual Studio Solution File, Format Version 12.00
# Visual Studio Version 17
VisualStudioVersion = 17.8.34309.116
MinimumVisualStudioVersion = 10.0.40219.1
Project("{FAE04EC0-301F-11D3-BF4B-00C04F79EFBC}") = "AutoUpdate", "AutoUpdate\AutoUpdate.csproj", "{B1EEC1B5-FE22-420F-B9A5-4DD24C02BB81}"
EndProject
Global
	GlobalSection(SolutionConfigurationPlatforms) = preSolution
		Debug|Any CPU = Debug|Any CPU
		Release|Any CPU = Release|Any CPU
	EndGlobalSection
	GlobalSection(ProjectConfigurationPlatforms) = postSolution
		{B1EEC1B5-FE22-420F-B9A5-4DD24C02BB81}.Debug|Any CPU.ActiveCfg = Debug|Any CPU
		{B1EEC1B5-FE22-420F-B9A5-4DD24C02BB81}.Debug|Any CPU.Build.0 = Debug|Any CPU
		{B1EEC1B5-FE22-420F-B9A5-4DD24C02BB81}.Release|Any CPU.ActiveCfg = Release|Any CPU
		{B1EEC1B5-FE22-420F-B9A5-4DD24C02BB81}.Release|Any CPU.Build.0 = Release|Any CPU
	EndGlobalSection
	GlobalSection(SolutionProperties) = preSolution
		HideSolutionNode = FALSE
	EndGlobalSection
	GlobalSection(ExtensibilityGlobals) = postSolution
		SolutionGuid = {9FB480F7-3BD9-4712-B07C-EFFFA0FB4F83}
	EndGlobalSection
EndGlobal
